
Microsoft Visual Studio Solution File, Format Version 12.00
# Visual Studio 15
VisualStudioVersion = 15.0.27428.2005
MinimumVisualStudioVersion = 10.0.40219.1
Project("{FAE04EC0-301F-11D3-BF4B-00C04F79EFBC}") = "Crawler", "Crawler\Crawler.csproj", "{D970DF0D-BB0E-4A0A-BA94-E1C39CED7D17}"
EndProject
Project("{FAE04EC0-301F-11D3-BF4B-00C04F79EFBC}") = "Crawler2", "Crawler2\Crawler2.csproj", "{D9D63F67-8BF9-4790-AA35-EF78FDD5849D}"
EndProject
Global
	GlobalSection(SolutionConfigurationPlatforms) = preSolution
		Debug|Any CPU = Debug|Any CPU
		Release|Any CPU = Release|Any CPU
	EndGlobalSection
	GlobalSection(ProjectConfigurationPlatforms) = postSolution
		{D970DF0D-BB0E-4A0A-BA94-E1C39CED7D17}.Debug|Any CPU.ActiveCfg = Debug|Any CPU
		{D970DF0D-BB0E-4A0A-BA94-E1C39CED7D17}.Debug|Any CPU.Build.0 = Debug|Any CPU
		{D970DF0D-BB0E-4A0A-BA94-E1C39CED7D17}.Release|Any CPU.ActiveCfg = Release|Any CPU
		{D970DF0D-BB0E-4A0A-BA94-E1C39CED7D17}.Release|Any CPU.Build.0 = Release|Any CPU
		{D9D63F67-8BF9-4790-AA35-EF78FDD5849D}.Debug|Any CPU.ActiveCfg = Debug|Any CPU
		{D9D63F67-8BF9-4790-AA35-EF78FDD5849D}.Debug|Any CPU.Build.0 = Debug|Any CPU
		{D9D63F67-8BF9-4790-AA35-EF78FDD5849D}.Release|Any CPU.ActiveCfg = Release|Any CPU
		{D9D63F67-8BF9-4790-AA35-EF78FDD5849D}.Release|Any CPU.Build.0 = Release|Any CPU
	EndGlobalSection
	GlobalSection(SolutionProperties) = preSolution
		HideSolutionNode = FALSE
	EndGlobalSection
	GlobalSection(ExtensibilityGlobals) = postSolution
		SolutionGuid = {EEC09066-61A8-4FB5-9D20-FCCAD9528530}
	EndGlobalSection
EndGlobal
